
Microsoft Visual Studio Solution File, Format Version 12.00
# Visual Studio Version 17
VisualStudioVersion = 17.0.31903.59
MinimumVisualStudioVersion = 10.0.40219.1
Project("{FAE04EC0-301F-11D3-BF4B-00C04F79EFBC}") = "TypedID", "TypedID\TypedID.csproj", "{A6F14FA2-542C-40C6-AE9C-54934F1710D5}"
EndProject
Project("{FAE04EC0-301F-11D3-BF4B-00C04F79EFBC}") = "TypedID.Generator", "TypedID.Generator\TypedID.Generator.csproj", "{CD687E58-1528-44CA-8B51-B12515A07EE3}"
EndProject
Global
	GlobalSection(SolutionConfigurationPlatforms) = preSolution
		Debug|Any CPU = Debug|Any CPU
		Release|Any CPU = Release|Any CPU
	EndGlobalSection
	GlobalSection(SolutionProperties) = preSolution
		HideSolutionNode = FALSE
	EndGlobalSection
	GlobalSection(ProjectConfigurationPlatforms) = postSolution
		{A6F14FA2-542C-40C6-AE9C-54934F1710D5}.Debug|Any CPU.ActiveCfg = Debug|Any CPU
		{A6F14FA2-542C-40C6-AE9C-54934F1710D5}.Debug|Any CPU.Build.0 = Debug|Any CPU
		{A6F14FA2-542C-40C6-AE9C-54934F1710D5}.Release|Any CPU.ActiveCfg = Release|Any CPU
		{A6F14FA2-542C-40C6-AE9C-54934F1710D5}.Release|Any CPU.Build.0 = Release|Any CPU
		{CD687E58-1528-44CA-8B51-B12515A07EE3}.Debug|Any CPU.ActiveCfg = Debug|Any CPU
		{CD687E58-1528-44CA-8B51-B12515A07EE3}.Debug|Any CPU.Build.0 = Debug|Any CPU
		{CD687E58-1528-44CA-8B51-B12515A07EE3}.Release|Any CPU.ActiveCfg = Release|Any CPU
		{CD687E58-1528-44CA-8B51-B12515A07EE3}.Release|Any CPU.Build.0 = Release|Any CPU
	EndGlobalSection
EndGlobal
